
Microsoft Visual Studio Solution File, Format Version 11.00
# Visual Studio 2010
Project("{FAE04EC0-301F-11D3-BF4B-00C04F79EFBC}") = "RemoteTaskQueue", "RemoteTaskQueue\RemoteTaskQueue.csproj", "{D8D12AC6-EC15-4EA9-92BE-80EE41A1E152}"
EndProject
Project("{FAE04EC0-301F-11D3-BF4B-00C04F79EFBC}") = "FunctionalTests", "FunctionalTests\FunctionalTests.csproj", "{0CAD309C-379A-403E-BCB1-76D73832A9A0}"
EndProject
Project("{FAE04EC0-301F-11D3-BF4B-00C04F79EFBC}") = "ExchangeService", "ExchangeService\ExchangeService.csproj", "{B505AEE0-0CD1-4C54-AF2A-C7D1EE3D4EF1}"
EndProject
Project("{FAE04EC0-301F-11D3-BF4B-00C04F79EFBC}") = "MonitoringService", "MonitoringService\MonitoringService.csproj", "{6FE10F81-A8FC-4798-9B33-60A99777C47D}"
EndProject
Project("{FAE04EC0-301F-11D3-BF4B-00C04F79EFBC}") = "MonitoringServiceClient", "MonitoringServiceClient\MonitoringServiceClient.csproj", "{B0AAD20D-160A-4D99-877B-B464C295E36F}"
EndProject
Project("{FAE04EC0-301F-11D3-BF4B-00C04F79EFBC}") = "TaskMonitoringViewer", "TaskMonitoringViewer\TaskMonitoringViewer.csproj", "{8BA574CA-6C25-414F-9E99-1E7F032BB962}"
EndProject
Project("{FAE04EC0-301F-11D3-BF4B-00C04F79EFBC}") = "MonitoringServiceCore", "MonitoringServiceCore\MonitoringServiceCore.csproj", "{EB9A3DBC-5C00-4774-93D6-925943DDE4CB}"
EndProject
Project("{FAE04EC0-301F-11D3-BF4B-00C04F79EFBC}") = "TaskDatasAndHandlers", "TaskDatasAndHandlers\TaskDatasAndHandlers.csproj", "{377DD77B-2032-423F-ADBA-93E965428524}"
EndProject
Project("{FAE04EC0-301F-11D3-BF4B-00C04F79EFBC}") = "Front", "Front\Front.csproj", "{ADF76065-9BEB-493B-9837-7697F861803D}"
EndProject
Project("{FAE04EC0-301F-11D3-BF4B-00C04F79EFBC}") = "IndexService", "IndexService\IndexService.csproj", "{F4322A10-9E9F-49A1-B9AD-66A3CF5CA669}"
EndProject
Project("{FAE04EC0-301F-11D3-BF4B-00C04F79EFBC}") = "Common", "Common\Common.csproj", "{27AFC62A-6F6B-443E-A83B-20D6714D8FAF}"
EndProject
Global
	GlobalSection(SolutionConfigurationPlatforms) = preSolution
		Debug|Any CPU = Debug|Any CPU
		Debug|Mixed Platforms = Debug|Mixed Platforms
		Debug|x86 = Debug|x86
		Release|Any CPU = Release|Any CPU
		Release|Mixed Platforms = Release|Mixed Platforms
		Release|x86 = Release|x86
	EndGlobalSection
	GlobalSection(ProjectConfigurationPlatforms) = postSolution
		{D8D12AC6-EC15-4EA9-92BE-80EE41A1E152}.Debug|Any CPU.ActiveCfg = Debug|Any CPU
		{D8D12AC6-EC15-4EA9-92BE-80EE41A1E152}.Debug|Any CPU.Build.0 = Debug|Any CPU
		{D8D12AC6-EC15-4EA9-92BE-80EE41A1E152}.Debug|Mixed Platforms.ActiveCfg = Debug|Any CPU
		{D8D12AC6-EC15-4EA9-92BE-80EE41A1E152}.Debug|Mixed Platforms.Build.0 = Debug|Any CPU
		{D8D12AC6-EC15-4EA9-92BE-80EE41A1E152}.Debug|x86.ActiveCfg = Debug|Any CPU
		{D8D12AC6-EC15-4EA9-92BE-80EE41A1E152}.Release|Any CPU.ActiveCfg = Release|Any CPU
		{D8D12AC6-EC15-4EA9-92BE-80EE41A1E152}.Release|Any CPU.Build.0 = Release|Any CPU
		{D8D12AC6-EC15-4EA9-92BE-80EE41A1E152}.Release|Mixed Platforms.ActiveCfg = Release|Any CPU
		{D8D12AC6-EC15-4EA9-92BE-80EE41A1E152}.Release|Mixed Platforms.Build.0 = Release|Any CPU
		{D8D12AC6-EC15-4EA9-92BE-80EE41A1E152}.Release|x86.ActiveCfg = Release|Any CPU
		{0CAD309C-379A-403E-BCB1-76D73832A9A0}.Debug|Any CPU.ActiveCfg = Debug|Any CPU
		{0CAD309C-379A-403E-BCB1-76D73832A9A0}.Debug|Any CPU.Build.0 = Debug|Any CPU
		{0CAD309C-379A-403E-BCB1-76D73832A9A0}.Debug|Mixed Platforms.ActiveCfg = Debug|Any CPU
		{0CAD309C-379A-403E-BCB1-76D73832A9A0}.Debug|Mixed Platforms.Build.0 = Debug|Any CPU
		{0CAD309C-379A-403E-BCB1-76D73832A9A0}.Debug|x86.ActiveCfg = Debug|Any CPU
		{0CAD309C-379A-403E-BCB1-76D73832A9A0}.Release|Any CPU.ActiveCfg = Release|Any CPU
		{0CAD309C-379A-403E-BCB1-76D73832A9A0}.Release|Any CPU.Build.0 = Release|Any CPU
		{0CAD309C-379A-403E-BCB1-76D73832A9A0}.Release|Mixed Platforms.ActiveCfg = Release|Any CPU
		{0CAD309C-379A-403E-BCB1-76D73832A9A0}.Release|Mixed Platforms.Build.0 = Release|Any CPU
		{0CAD309C-379A-403E-BCB1-76D73832A9A0}.Release|x86.ActiveCfg = Release|Any CPU
		{B505AEE0-0CD1-4C54-AF2A-C7D1EE3D4EF1}.Debug|Any CPU.ActiveCfg = Debug|Any CPU
		{B505AEE0-0CD1-4C54-AF2A-C7D1EE3D4EF1}.Debug|Any CPU.Build.0 = Debug|Any CPU
		{B505AEE0-0CD1-4C54-AF2A-C7D1EE3D4EF1}.Debug|Mixed Platforms.ActiveCfg = Debug|Any CPU
		{B505AEE0-0CD1-4C54-AF2A-C7D1EE3D4EF1}.Debug|Mixed Platforms.Build.0 = Debug|Any CPU
		{B505AEE0-0CD1-4C54-AF2A-C7D1EE3D4EF1}.Debug|x86.ActiveCfg = Debug|Any CPU
		{B505AEE0-0CD1-4C54-AF2A-C7D1EE3D4EF1}.Release|Any CPU.ActiveCfg = Release|Any CPU
		{B505AEE0-0CD1-4C54-AF2A-C7D1EE3D4EF1}.Release|Any CPU.Build.0 = Release|Any CPU
		{B505AEE0-0CD1-4C54-AF2A-C7D1EE3D4EF1}.Release|Mixed Platforms.ActiveCfg = Release|Any CPU
		{B505AEE0-0CD1-4C54-AF2A-C7D1EE3D4EF1}.Release|Mixed Platforms.Build.0 = Release|Any CPU
		{B505AEE0-0CD1-4C54-AF2A-C7D1EE3D4EF1}.Release|x86.ActiveCfg = Release|Any CPU
		{6FE10F81-A8FC-4798-9B33-60A99777C47D}.Debug|Any CPU.ActiveCfg = Debug|Any CPU
		{6FE10F81-A8FC-4798-9B33-60A99777C47D}.Debug|Any CPU.Build.0 = Debug|Any CPU
		{6FE10F81-A8FC-4798-9B33-60A99777C47D}.Debug|Mixed Platforms.ActiveCfg = Debug|Any CPU
		{6FE10F81-A8FC-4798-9B33-60A99777C47D}.Debug|Mixed Platforms.Build.0 = Debug|Any CPU
		{6FE10F81-A8FC-4798-9B33-60A99777C47D}.Debug|x86.ActiveCfg = Debug|Any CPU
		{6FE10F81-A8FC-4798-9B33-60A99777C47D}.Release|Any CPU.ActiveCfg = Release|Any CPU
		{6FE10F81-A8FC-4798-9B33-60A99777C47D}.Release|Any CPU.Build.0 = Release|Any CPU
		{6FE10F81-A8FC-4798-9B33-60A99777C47D}.Release|Mixed Platforms.ActiveCfg = Release|Any CPU
		{6FE10F81-A8FC-4798-9B33-60A99777C47D}.Release|Mixed Platforms.Build.0 = Release|Any CPU
		{6FE10F81-A8FC-4798-9B33-60A99777C47D}.Release|x86.ActiveCfg = Release|Any CPU
		{B0AAD20D-160A-4D99-877B-B464C295E36F}.Debug|Any CPU.ActiveCfg = Debug|Any CPU
		{B0AAD20D-160A-4D99-877B-B464C295E36F}.Debug|Any CPU.Build.0 = Debug|Any CPU
		{B0AAD20D-160A-4D99-877B-B464C295E36F}.Debug|Mixed Platforms.ActiveCfg = Debug|Any CPU
		{B0AAD20D-160A-4D99-877B-B464C295E36F}.Debug|Mixed Platforms.Build.0 = Debug|Any CPU
		{B0AAD20D-160A-4D99-877B-B464C295E36F}.Debug|x86.ActiveCfg = Debug|Any CPU
		{B0AAD20D-160A-4D99-877B-B464C295E36F}.Release|Any CPU.ActiveCfg = Release|Any CPU
		{B0AAD20D-160A-4D99-877B-B464C295E36F}.Release|Any CPU.Build.0 = Release|Any CPU
		{B0AAD20D-160A-4D99-877B-B464C295E36F}.Release|Mixed Platforms.ActiveCfg = Release|Any CPU
		{B0AAD20D-160A-4D99-877B-B464C295E36F}.Release|Mixed Platforms.Build.0 = Release|Any CPU
		{B0AAD20D-160A-4D99-877B-B464C295E36F}.Release|x86.ActiveCfg = Release|Any CPU
		{8BA574CA-6C25-414F-9E99-1E7F032BB962}.Debug|Any CPU.ActiveCfg = Debug|Any CPU
		{8BA574CA-6C25-414F-9E99-1E7F032BB962}.Debug|Any CPU.Build.0 = Debug|Any CPU
		{8BA574CA-6C25-414F-9E99-1E7F032BB962}.Debug|Mixed Platforms.ActiveCfg = Debug|Any CPU
		{8BA574CA-6C25-414F-9E99-1E7F032BB962}.Debug|Mixed Platforms.Build.0 = Debug|Any CPU
		{8BA574CA-6C25-414F-9E99-1E7F032BB962}.Debug|x86.ActiveCfg = Debug|Any CPU
		{8BA574CA-6C25-414F-9E99-1E7F032BB962}.Release|Any CPU.ActiveCfg = Release|Any CPU
		{8BA574CA-6C25-414F-9E99-1E7F032BB962}.Release|Any CPU.Build.0 = Release|Any CPU
		{8BA574CA-6C25-414F-9E99-1E7F032BB962}.Release|Mixed Platforms.ActiveCfg = Release|Any CPU
		{8BA574CA-6C25-414F-9E99-1E7F032BB962}.Release|Mixed Platforms.Build.0 = Release|Any CPU
		{8BA574CA-6C25-414F-9E99-1E7F032BB962}.Release|x86.ActiveCfg = Release|Any CPU
		{EB9A3DBC-5C00-4774-93D6-925943DDE4CB}.Debug|Any CPU.ActiveCfg = Debug|Any CPU
		{EB9A3DBC-5C00-4774-93D6-925943DDE4CB}.Debug|Any CPU.Build.0 = Debug|Any CPU
		{EB9A3DBC-5C00-4774-93D6-925943DDE4CB}.Debug|Mixed Platforms.ActiveCfg = Debug|Any CPU
		{EB9A3DBC-5C00-4774-93D6-925943DDE4CB}.Debug|Mixed Platforms.Build.0 = Debug|Any CPU
		{EB9A3DBC-5C00-4774-93D6-925943DDE4CB}.Debug|x86.ActiveCfg = Debug|Any CPU
		{EB9A3DBC-5C00-4774-93D6-925943DDE4CB}.Release|Any CPU.ActiveCfg = Release|Any CPU
		{EB9A3DBC-5C00-4774-93D6-925943DDE4CB}.Release|Any CPU.Build.0 = Release|Any CPU
		{EB9A3DBC-5C00-4774-93D6-925943DDE4CB}.Release|Mixed Platforms.ActiveCfg = Release|Any CPU
		{EB9A3DBC-5C00-4774-93D6-925943DDE4CB}.Release|Mixed Platforms.Build.0 = Release|Any CPU
		{EB9A3DBC-5C00-4774-93D6-925943DDE4CB}.Release|x86.ActiveCfg = Release|Any CPU
		{377DD77B-2032-423F-ADBA-93E965428524}.Debug|Any CPU.ActiveCfg = Debug|Any CPU
		{377DD77B-2032-423F-ADBA-93E965428524}.Debug|Any CPU.Build.0 = Debug|Any CPU
		{377DD77B-2032-423F-ADBA-93E965428524}.Debug|Mixed Platforms.ActiveCfg = Debug|Any CPU
		{377DD77B-2032-423F-ADBA-93E965428524}.Debug|Mixed Platforms.Build.0 = Debug|Any CPU
		{377DD77B-2032-423F-ADBA-93E965428524}.Debug|x86.ActiveCfg = Debug|Any CPU
		{377DD77B-2032-423F-ADBA-93E965428524}.Release|Any CPU.ActiveCfg = Release|Any CPU
		{377DD77B-2032-423F-ADBA-93E965428524}.Release|Any CPU.Build.0 = Release|Any CPU
		{377DD77B-2032-423F-ADBA-93E965428524}.Release|Mixed Platforms.ActiveCfg = Release|Any CPU
		{377DD77B-2032-423F-ADBA-93E965428524}.Release|Mixed Platforms.Build.0 = Release|Any CPU
		{377DD77B-2032-423F-ADBA-93E965428524}.Release|x86.ActiveCfg = Release|Any CPU
		{ADF76065-9BEB-493B-9837-7697F861803D}.Debug|Any CPU.ActiveCfg = Debug|Any CPU
		{ADF76065-9BEB-493B-9837-7697F861803D}.Debug|Any CPU.Build.0 = Debug|Any CPU
		{ADF76065-9BEB-493B-9837-7697F861803D}.Debug|Mixed Platforms.ActiveCfg = Debug|Any CPU
		{ADF76065-9BEB-493B-9837-7697F861803D}.Debug|Mixed Platforms.Build.0 = Debug|Any CPU
		{ADF76065-9BEB-493B-9837-7697F861803D}.Debug|x86.ActiveCfg = Debug|Any CPU
		{ADF76065-9BEB-493B-9837-7697F861803D}.Release|Any CPU.ActiveCfg = Release|Any CPU
		{ADF76065-9BEB-493B-9837-7697F861803D}.Release|Any CPU.Build.0 = Release|Any CPU
		{ADF76065-9BEB-493B-9837-7697F861803D}.Release|Mixed Platforms.ActiveCfg = Release|Any CPU
		{ADF76065-9BEB-493B-9837-7697F861803D}.Release|Mixed Platforms.Build.0 = Release|Any CPU
		{ADF76065-9BEB-493B-9837-7697F861803D}.Release|x86.ActiveCfg = Release|Any CPU
		{F4322A10-9E9F-49A1-B9AD-66A3CF5CA669}.Debug|Any CPU.ActiveCfg = Debug|Any CPU
		{F4322A10-9E9F-49A1-B9AD-66A3CF5CA669}.Debug|Any CPU.Build.0 = Debug|Any CPU
		{F4322A10-9E9F-49A1-B9AD-66A3CF5CA669}.Debug|Mixed Platforms.ActiveCfg = Debug|Any CPU
		{F4322A10-9E9F-49A1-B9AD-66A3CF5CA669}.Debug|Mixed Platforms.Build.0 = Debug|Any CPU
		{F4322A10-9E9F-49A1-B9AD-66A3CF5CA669}.Debug|x86.ActiveCfg = Debug|Any CPU
		{F4322A10-9E9F-49A1-B9AD-66A3CF5CA669}.Release|Any CPU.ActiveCfg = Release|Any CPU
		{F4322A10-9E9F-49A1-B9AD-66A3CF5CA669}.Release|Any CPU.Build.0 = Release|Any CPU
		{F4322A10-9E9F-49A1-B9AD-66A3CF5CA669}.Release|Mixed Platforms.ActiveCfg = Release|Any CPU
		{F4322A10-9E9F-49A1-B9AD-66A3CF5CA669}.Release|Mixed Platforms.Build.0 = Release|Any CPU
		{F4322A10-9E9F-49A1-B9AD-66A3CF5CA669}.Release|x86.ActiveCfg = Release|Any CPU
		{27AFC62A-6F6B-443E-A83B-20D6714D8FAF}.Debug|Any CPU.ActiveCfg = Debug|Any CPU
		{27AFC62A-6F6B-443E-A83B-20D6714D8FAF}.Debug|Any CPU.Build.0 = Debug|Any CPU
		{27AFC62A-6F6B-443E-A83B-20D6714D8FAF}.Debug|Mixed Platforms.ActiveCfg = Debug|Any CPU
		{27AFC62A-6F6B-443E-A83B-20D6714D8FAF}.Debug|Mixed Platforms.Build.0 = Debug|Any CPU
		{27AFC62A-6F6B-443E-A83B-20D6714D8FAF}.Debug|x86.ActiveCfg = Debug|Any CPU
		{27AFC62A-6F6B-443E-A83B-20D6714D8FAF}.Release|Any CPU.ActiveCfg = Release|Any CPU
		{27AFC62A-6F6B-443E-A83B-20D6714D8FAF}.Release|Any CPU.Build.0 = Release|Any CPU
		{27AFC62A-6F6B-443E-A83B-20D6714D8FAF}.Release|Mixed Platforms.ActiveCfg = Release|Any CPU
		{27AFC62A-6F6B-443E-A83B-20D6714D8FAF}.Release|Mixed Platforms.Build.0 = Release|Any CPU
		{27AFC62A-6F6B-443E-A83B-20D6714D8FAF}.Release|x86.ActiveCfg = Release|Any CPU
	EndGlobalSection
	GlobalSection(SolutionProperties) = preSolution
		HideSolutionNode = FALSE
	EndGlobalSection
EndGlobal
